%{"certifi": {:hex, :certifi, "0.3.0"},
  "csv": {:hex, :csv, "1.3.2"},
  "exjsx": {:hex, :exjsx, "3.1.0"},
  "gibran": {:hex, :gibran, "0.0.2"},
  "hackney": {:hex, :hackney, "1.4.8"},
  "httpoison": {:hex, :httpoison, "0.8.1"},
  "idna": {:hex, :idna, "1.0.3"},
  "jsx": {:hex, :jsx, "2.4.0"},
  "mimerl": {:hex, :mimerl, "1.0.2"},
  "parallel_stream": {:hex, :parallel_stream, "1.0.3"},
  "slack": {:hex, :slack, "0.4.1"},
  "ssl_verify_hostname": {:hex, :ssl_verify_hostname, "1.0.5"},
  "websocket_client": {:git, "https://github.com/jeremyong/websocket_client", "f6892c8b55004008ce2d52be7d98b156f3e34569", []}}
